
Microsoft Visual Studio Solution File, Format Version 12.00
# Visual Studio Version 16
VisualStudioVersion = 16.0.31229.75
MinimumVisualStudioVersion = 10.0.40219.1
Project("{FAE04EC0-301F-11D3-BF4B-00C04F79EFBC}") = "sistemaAS.Entidades", "sistemaAS.Entidades\sistemaAS.Entidades.csproj", "{5BA64284-25C7-4BFD-9ADC-7BB42A7BC34B}"
EndProject
Project("{FAE04EC0-301F-11D3-BF4B-00C04F79EFBC}") = "sistemaAS.Datos", "sistemaAS.Datos\sistemaAS.Datos.csproj", "{2198F896-2190-4E94-B4FB-BAD910A1A4CC}"
EndProject
Project("{FAE04EC0-301F-11D3-BF4B-00C04F79EFBC}") = "sistemaAS.Web", "sistemaAS.Web\sistemaAS.Web.csproj", "{F21D3463-54FF-4AAC-A3F2-05127558EEA6}"
EndProject
Global
	GlobalSection(SolutionConfigurationPlatforms) = preSolution
		Debug|Any CPU = Debug|Any CPU
		Release|Any CPU = Release|Any CPU
	EndGlobalSection
	GlobalSection(ProjectConfigurationPlatforms) = postSolution
		{5BA64284-25C7-4BFD-9ADC-7BB42A7BC34B}.Debug|Any CPU.ActiveCfg = Debug|Any CPU
		{5BA64284-25C7-4BFD-9ADC-7BB42A7BC34B}.Debug|Any CPU.Build.0 = Debug|Any CPU
		{5BA64284-25C7-4BFD-9ADC-7BB42A7BC34B}.Release|Any CPU.ActiveCfg = Release|Any CPU
		{5BA64284-25C7-4BFD-9ADC-7BB42A7BC34B}.Release|Any CPU.Build.0 = Release|Any CPU
		{2198F896-2190-4E94-B4FB-BAD910A1A4CC}.Debug|Any CPU.ActiveCfg = Debug|Any CPU
		{2198F896-2190-4E94-B4FB-BAD910A1A4CC}.Debug|Any CPU.Build.0 = Debug|Any CPU
		{2198F896-2190-4E94-B4FB-BAD910A1A4CC}.Release|Any CPU.ActiveCfg = Release|Any CPU
		{2198F896-2190-4E94-B4FB-BAD910A1A4CC}.Release|Any CPU.Build.0 = Release|Any CPU
		{F21D3463-54FF-4AAC-A3F2-05127558EEA6}.Debug|Any CPU.ActiveCfg = Debug|Any CPU
		{F21D3463-54FF-4AAC-A3F2-05127558EEA6}.Debug|Any CPU.Build.0 = Debug|Any CPU
		{F21D3463-54FF-4AAC-A3F2-05127558EEA6}.Release|Any CPU.ActiveCfg = Release|Any CPU
		{F21D3463-54FF-4AAC-A3F2-05127558EEA6}.Release|Any CPU.Build.0 = Release|Any CPU
	EndGlobalSection
	GlobalSection(SolutionProperties) = preSolution
		HideSolutionNode = FALSE
	EndGlobalSection
	GlobalSection(ExtensibilityGlobals) = postSolution
		SolutionGuid = {07393010-5F0F-4902-85C5-7042C30A03D4}
	EndGlobalSection
EndGlobal
